
Microsoft Visual Studio Solution File, Format Version 12.00
# Visual Studio 15
VisualStudioVersion = 15.0.27703.2035
MinimumVisualStudioVersion = 10.0.40219.1
Project("{FAE04EC0-301F-11D3-BF4B-00C04F79EFBC}") = "Xamarin_Learning.Android", "Xamarin_Learning\Xamarin_Learning.Android\Xamarin_Learning.Android.csproj", "{77B8DFE7-E71C-4DEA-8D6D-32EF8D73590D}"
EndProject
Project("{FAE04EC0-301F-11D3-BF4B-00C04F79EFBC}") = "Xamarin_Learning.iOS", "Xamarin_Learning\Xamarin_Learning.iOS\Xamarin_Learning.iOS.csproj", "{B2DE1346-663E-434D-9AA3-DCF4FD29AFF9}"
EndProject
Project("{FAE04EC0-301F-11D3-BF4B-00C04F79EFBC}") = "Xamarin_Learning.UWP", "Xamarin_Learning\Xamarin_Learning.UWP\Xamarin_Learning.UWP.csproj", "{3EE6A259-F7DF-41B3-8B12-B46B45B7EB51}"
EndProject
Project("{D954291E-2A0B-460D-934E-DC6B0785DB48}") = "Xamarin_Learning", "Xamarin_Learning\Xamarin_Learning\Xamarin_Learning.shproj", "{22B7F6F0-9DE9-47E2-B9FC-5977B755C286}"
EndProject
Global
	GlobalSection(SharedMSBuildProjectFiles) = preSolution
		Xamarin_Learning\Xamarin_Learning\Xamarin_Learning.projitems*{22b7f6f0-9de9-47e2-b9fc-5977b755c286}*SharedItemsImports = 13
		Xamarin_Learning\Xamarin_Learning\Xamarin_Learning.projitems*{3ee6a259-f7df-41b3-8b12-b46b45b7eb51}*SharedItemsImports = 4
		Xamarin_Learning\Xamarin_Learning\Xamarin_Learning.projitems*{77b8dfe7-e71c-4dea-8d6d-32ef8d73590d}*SharedItemsImports = 4
		Xamarin_Learning\Xamarin_Learning\Xamarin_Learning.projitems*{b2de1346-663e-434d-9aa3-dcf4fd29aff9}*SharedItemsImports = 4
	EndGlobalSection
	GlobalSection(SolutionConfigurationPlatforms) = preSolution
		Ad-Hoc|Any CPU = Ad-Hoc|Any CPU
		Ad-Hoc|ARM = Ad-Hoc|ARM
		Ad-Hoc|iPhone = Ad-Hoc|iPhone
		Ad-Hoc|iPhoneSimulator = Ad-Hoc|iPhoneSimulator
		Ad-Hoc|x64 = Ad-Hoc|x64
		Ad-Hoc|x86 = Ad-Hoc|x86
		AppStore|Any CPU = AppStore|Any CPU
		AppStore|ARM = AppStore|ARM
		AppStore|iPhone = AppStore|iPhone
		AppStore|iPhoneSimulator = AppStore|iPhoneSimulator
		AppStore|x64 = AppStore|x64
		AppStore|x86 = AppStore|x86
		Debug|Any CPU = Debug|Any CPU
		Debug|ARM = Debug|ARM
		Debug|iPhone = Debug|iPhone
		Debug|iPhoneSimulator = Debug|iPhoneSimulator
		Debug|x64 = Debug|x64
		Debug|x86 = Debug|x86
		Release|Any CPU = Release|Any CPU
		Release|ARM = Release|ARM
		Release|iPhone = Release|iPhone
		Release|iPhoneSimulator = Release|iPhoneSimulator
		Release|x64 = Release|x64
		Release|x86 = Release|x86
	EndGlobalSection
	GlobalSection(ProjectConfigurationPlatforms) = postSolution
		{77B8DFE7-E71C-4DEA-8D6D-32EF8D73590D}.Ad-Hoc|Any CPU.ActiveCfg = Release|Any CPU
		{77B8DFE7-E71C-4DEA-8D6D-32EF8D73590D}.Ad-Hoc|Any CPU.Build.0 = Release|Any CPU
		{77B8DFE7-E71C-4DEA-8D6D-32EF8D73590D}.Ad-Hoc|Any CPU.Deploy.0 = Release|Any CPU
		{77B8DFE7-E71C-4DEA-8D6D-32EF8D73590D}.Ad-Hoc|ARM.ActiveCfg = Release|Any CPU
		{77B8DFE7-E71C-4DEA-8D6D-32EF8D73590D}.Ad-Hoc|ARM.Build.0 = Release|Any CPU
		{77B8DFE7-E71C-4DEA-8D6D-32EF8D73590D}.Ad-Hoc|ARM.Deploy.0 = Release|Any CPU
		{77B8DFE7-E71C-4DEA-8D6D-32EF8D73590D}.Ad-Hoc|iPhone.ActiveCfg = Release|Any CPU
		{77B8DFE7-E71C-4DEA-8D6D-32EF8D73590D}.Ad-Hoc|iPhone.Build.0 = Release|Any CPU
		{77B8DFE7-E71C-4DEA-8D6D-32EF8D73590D}.Ad-Hoc|iPhone.Deploy.0 = Release|Any CPU
		{77B8DFE7-E71C-4DEA-8D6D-32EF8D73590D}.Ad-Hoc|iPhoneSimulator.ActiveCfg = Release|Any CPU
		{77B8DFE7-E71C-4DEA-8D6D-32EF8D73590D}.Ad-Hoc|iPhoneSimulator.Build.0 = Release|Any CPU
		{77B8DFE7-E71C-4DEA-8D6D-32EF8D73590D}.Ad-Hoc|iPhoneSimulator.Deploy.0 = Release|Any CPU
		{77B8DFE7-E71C-4DEA-8D6D-32EF8D73590D}.Ad-Hoc|x64.ActiveCfg = Release|Any CPU
		{77B8DFE7-E71C-4DEA-8D6D-32EF8D73590D}.Ad-Hoc|x64.Build.0 = Release|Any CPU
		{77B8DFE7-E71C-4DEA-8D6D-32EF8D73590D}.Ad-Hoc|x64.Deploy.0 = Release|Any CPU
		{77B8DFE7-E71C-4DEA-8D6D-32EF8D73590D}.Ad-Hoc|x86.ActiveCfg = Release|Any CPU
		{77B8DFE7-E71C-4DEA-8D6D-32EF8D73590D}.Ad-Hoc|x86.Build.0 = Release|Any CPU
		{77B8DFE7-E71C-4DEA-8D6D-32EF8D73590D}.Ad-Hoc|x86.Deploy.0 = Release|Any CPU
		{77B8DFE7-E71C-4DEA-8D6D-32EF8D73590D}.AppStore|Any CPU.ActiveCfg = Release|Any CPU
		{77B8DFE7-E71C-4DEA-8D6D-32EF8D73590D}.AppStore|Any CPU.Build.0 = Release|Any CPU
		{77B8DFE7-E71C-4DEA-8D6D-32EF8D73590D}.AppStore|Any CPU.Deploy.0 = Release|Any CPU
		{77B8DFE7-E71C-4DEA-8D6D-32EF8D73590D}.AppStore|ARM.ActiveCfg = Release|Any CPU
		{77B8DFE7-E71C-4DEA-8D6D-32EF8D73590D}.AppStore|ARM.Build.0 = Release|Any CPU
		{77B8DFE7-E71C-4DEA-8D6D-32EF8D73590D}.AppStore|ARM.Deploy.0 = Release|Any CPU
		{77B8DFE7-E71C-4DEA-8D6D-32EF8D73590D}.AppStore|iPhone.ActiveCfg = Release|Any CPU
		{77B8DFE7-E71C-4DEA-8D6D-32EF8D73590D}.AppStore|iPhone.Build.0 = Release|Any CPU
		{77B8DFE7-E71C-4DEA-8D6D-32EF8D73590D}.AppStore|iPhone.Deploy.0 = Release|Any CPU
		{77B8DFE7-E71C-4DEA-8D6D-32EF8D73590D}.AppStore|iPhoneSimulator.ActiveCfg = Release|Any CPU
		{77B8DFE7-E71C-4DEA-8D6D-32EF8D73590D}.AppStore|iPhoneSimulator.Build.0 = Release|Any CPU
		{77B8DFE7-E71C-4DEA-8D6D-32EF8D73590D}.AppStore|iPhoneSimulator.Deploy.0 = Release|Any CPU
		{77B8DFE7-E71C-4DEA-8D6D-32EF8D73590D}.AppStore|x64.ActiveCfg = Release|Any CPU
		{77B8DFE7-E71C-4DEA-8D6D-32EF8D73590D}.AppStore|x64.Build.0 = Release|Any CPU
		{77B8DFE7-E71C-4DEA-8D6D-32EF8D73590D}.AppStore|x64.Deploy.0 = Release|Any CPU
		{77B8DFE7-E71C-4DEA-8D6D-32EF8D73590D}.AppStore|x86.ActiveCfg = Release|Any CPU
		{77B8DFE7-E71C-4DEA-8D6D-32EF8D73590D}.AppStore|x86.Build.0 = Release|Any CPU
		{77B8DFE7-E71C-4DEA-8D6D-32EF8D73590D}.AppStore|x86.Deploy.0 = Release|Any CPU
		{77B8DFE7-E71C-4DEA-8D6D-32EF8D73590D}.Debug|Any CPU.ActiveCfg = Debug|Any CPU
		{77B8DFE7-E71C-4DEA-8D6D-32EF8D73590D}.Debug|Any CPU.Build.0 = Debug|Any CPU
		{77B8DFE7-E71C-4DEA-8D6D-32EF8D73590D}.Debug|Any CPU.Deploy.0 = Debug|Any CPU
		{77B8DFE7-E71C-4DEA-8D6D-32EF8D73590D}.Debug|ARM.ActiveCfg = Debug|Any CPU
		{77B8DFE7-E71C-4DEA-8D6D-32EF8D73590D}.Debug|ARM.Build.0 = Debug|Any CPU
		{77B8DFE7-E71C-4DEA-8D6D-32EF8D73590D}.Debug|ARM.Deploy.0 = Debug|Any CPU
		{77B8DFE7-E71C-4DEA-8D6D-32EF8D73590D}.Debug|iPhone.ActiveCfg = Debug|Any CPU
		{77B8DFE7-E71C-4DEA-8D6D-32EF8D73590D}.Debug|iPhone.Build.0 = Debug|Any CPU
		{77B8DFE7-E71C-4DEA-8D6D-32EF8D73590D}.Debug|iPhone.Deploy.0 = Debug|Any CPU
		{77B8DFE7-E71C-4DEA-8D6D-32EF8D73590D}.Debug|iPhoneSimulator.ActiveCfg = Debug|Any CPU
		{77B8DFE7-E71C-4DEA-8D6D-32EF8D73590D}.Debug|iPhoneSimulator.Build.0 = Debug|Any CPU
		{77B8DFE7-E71C-4DEA-8D6D-32EF8D73590D}.Debug|iPhoneSimulator.Deploy.0 = Debug|Any CPU
		{77B8DFE7-E71C-4DEA-8D6D-32EF8D73590D}.Debug|x64.ActiveCfg = Debug|Any CPU
		{77B8DFE7-E71C-4DEA-8D6D-32EF8D73590D}.Debug|x64.Build.0 = Debug|Any CPU
		{77B8DFE7-E71C-4DEA-8D6D-32EF8D73590D}.Debug|x64.Deploy.0 = Debug|Any CPU
		{77B8DFE7-E71C-4DEA-8D6D-32EF8D73590D}.Debug|x86.ActiveCfg = Debug|Any CPU
		{77B8DFE7-E71C-4DEA-8D6D-32EF8D73590D}.Debug|x86.Build.0 = Debug|Any CPU
		{77B8DFE7-E71C-4DEA-8D6D-32EF8D73590D}.Debug|x86.Deploy.0 = Debug|Any CPU
		{77B8DFE7-E71C-4DEA-8D6D-32EF8D73590D}.Release|Any CPU.ActiveCfg = Release|Any CPU
		{77B8DFE7-E71C-4DEA-8D6D-32EF8D73590D}.Release|Any CPU.Build.0 = Release|Any CPU
		{77B8DFE7-E71C-4DEA-8D6D-32EF8D73590D}.Release|Any CPU.Deploy.0 = Release|Any CPU
		{77B8DFE7-E71C-4DEA-8D6D-32EF8D73590D}.Release|ARM.ActiveCfg = Release|Any CPU
		{77B8DFE7-E71C-4DEA-8D6D-32EF8D73590D}.Release|ARM.Build.0 = Release|Any CPU
		{77B8DFE7-E71C-4DEA-8D6D-32EF8D73590D}.Release|ARM.Deploy.0 = Release|Any CPU
		{77B8DFE7-E71C-4DEA-8D6D-32EF8D73590D}.Release|iPhone.ActiveCfg = Release|Any CPU
		{77B8DFE7-E71C-4DEA-8D6D-32EF8D73590D}.Release|iPhone.Build.0 = Release|Any CPU
		{77B8DFE7-E71C-4DEA-8D6D-32EF8D73590D}.Release|iPhone.Deploy.0 = Release|Any CPU
		{77B8DFE7-E71C-4DEA-8D6D-32EF8D73590D}.Release|iPhoneSimulator.ActiveCfg = Release|Any CPU
		{77B8DFE7-E71C-4DEA-8D6D-32EF8D73590D}.Release|iPhoneSimulator.Build.0 = Release|Any CPU
		{77B8DFE7-E71C-4DEA-8D6D-32EF8D73590D}.Release|iPhoneSimulator.Deploy.0 = Release|Any CPU
		{77B8DFE7-E71C-4DEA-8D6D-32EF8D73590D}.Release|x64.ActiveCfg = Release|Any CPU
		{77B8DFE7-E71C-4DEA-8D6D-32EF8D73590D}.Release|x64.Build.0 = Release|Any CPU
		{77B8DFE7-E71C-4DEA-8D6D-32EF8D73590D}.Release|x64.Deploy.0 = Release|Any CPU
		{77B8DFE7-E71C-4DEA-8D6D-32EF8D73590D}.Release|x86.ActiveCfg = Release|Any CPU
		{77B8DFE7-E71C-4DEA-8D6D-32EF8D73590D}.Release|x86.Build.0 = Release|Any CPU
		{77B8DFE7-E71C-4DEA-8D6D-32EF8D73590D}.Release|x86.Deploy.0 = Release|Any CPU
		{B2DE1346-663E-434D-9AA3-DCF4FD29AFF9}.Ad-Hoc|Any CPU.ActiveCfg = Ad-Hoc|iPhone
		{B2DE1346-663E-434D-9AA3-DCF4FD29AFF9}.Ad-Hoc|Any CPU.Build.0 = Ad-Hoc|iPhone
		{B2DE1346-663E-434D-9AA3-DCF4FD29AFF9}.Ad-Hoc|Any CPU.Deploy.0 = Ad-Hoc|iPhone
		{B2DE1346-663E-434D-9AA3-DCF4FD29AFF9}.Ad-Hoc|ARM.ActiveCfg = Ad-Hoc|iPhone
		{B2DE1346-663E-434D-9AA3-DCF4FD29AFF9}.Ad-Hoc|ARM.Build.0 = Ad-Hoc|iPhone
		{B2DE1346-663E-434D-9AA3-DCF4FD29AFF9}.Ad-Hoc|ARM.Deploy.0 = Ad-Hoc|iPhone
		{B2DE1346-663E-434D-9AA3-DCF4FD29AFF9}.Ad-Hoc|iPhone.ActiveCfg = Ad-Hoc|iPhone
		{B2DE1346-663E-434D-9AA3-DCF4FD29AFF9}.Ad-Hoc|iPhone.Build.0 = Ad-Hoc|iPhone
		{B2DE1346-663E-434D-9AA3-DCF4FD29AFF9}.Ad-Hoc|iPhone.Deploy.0 = Ad-Hoc|iPhone
		{B2DE1346-663E-434D-9AA3-DCF4FD29AFF9}.Ad-Hoc|iPhoneSimulator.ActiveCfg = Ad-Hoc|iPhoneSimulator
		{B2DE1346-663E-434D-9AA3-DCF4FD29AFF9}.Ad-Hoc|iPhoneSimulator.Build.0 = Ad-Hoc|iPhoneSimulator
		{B2DE1346-663E-434D-9AA3-DCF4FD29AFF9}.Ad-Hoc|iPhoneSimulator.Deploy.0 = Ad-Hoc|iPhoneSimulator
		{B2DE1346-663E-434D-9AA3-DCF4FD29AFF9}.Ad-Hoc|x64.ActiveCfg = Ad-Hoc|iPhone
		{B2DE1346-663E-434D-9AA3-DCF4FD29AFF9}.Ad-Hoc|x64.Build.0 = Ad-Hoc|iPhone
		{B2DE1346-663E-434D-9AA3-DCF4FD29AFF9}.Ad-Hoc|x64.Deploy.0 = Ad-Hoc|iPhone
		{B2DE1346-663E-434D-9AA3-DCF4FD29AFF9}.Ad-Hoc|x86.ActiveCfg = Ad-Hoc|iPhone
		{B2DE1346-663E-434D-9AA3-DCF4FD29AFF9}.Ad-Hoc|x86.Build.0 = Ad-Hoc|iPhone
		{B2DE1346-663E-434D-9AA3-DCF4FD29AFF9}.Ad-Hoc|x86.Deploy.0 = Ad-Hoc|iPhone
		{B2DE1346-663E-434D-9AA3-DCF4FD29AFF9}.AppStore|Any CPU.ActiveCfg = AppStore|iPhone
		{B2DE1346-663E-434D-9AA3-DCF4FD29AFF9}.AppStore|Any CPU.Build.0 = AppStore|iPhone
		{B2DE1346-663E-434D-9AA3-DCF4FD29AFF9}.AppStore|Any CPU.Deploy.0 = AppStore|iPhone
		{B2DE1346-663E-434D-9AA3-DCF4FD29AFF9}.AppStore|ARM.ActiveCfg = AppStore|iPhone
		{B2DE1346-663E-434D-9AA3-DCF4FD29AFF9}.AppStore|ARM.Build.0 = AppStore|iPhone
		{B2DE1346-663E-434D-9AA3-DCF4FD29AFF9}.AppStore|ARM.Deploy.0 = AppStore|iPhone
		{B2DE1346-663E-434D-9AA3-DCF4FD29AFF9}.AppStore|iPhone.ActiveCfg = AppStore|iPhone
		{B2DE1346-663E-434D-9AA3-DCF4FD29AFF9}.AppStore|iPhone.Build.0 = AppStore|iPhone
		{B2DE1346-663E-434D-9AA3-DCF4FD29AFF9}.AppStore|iPhone.Deploy.0 = AppStore|iPhone
		{B2DE1346-663E-434D-9AA3-DCF4FD29AFF9}.AppStore|iPhoneSimulator.ActiveCfg = AppStore|iPhoneSimulator
		{B2DE1346-663E-434D-9AA3-DCF4FD29AFF9}.AppStore|iPhoneSimulator.Build.0 = AppStore|iPhoneSimulator
		{B2DE1346-663E-434D-9AA3-DCF4FD29AFF9}.AppStore|iPhoneSimulator.Deploy.0 = AppStore|iPhoneSimulator
		{B2DE1346-663E-434D-9AA3-DCF4FD29AFF9}.AppStore|x64.ActiveCfg = AppStore|iPhone
		{B2DE1346-663E-434D-9AA3-DCF4FD29AFF9}.AppStore|x64.Build.0 = AppStore|iPhone
		{B2DE1346-663E-434D-9AA3-DCF4FD29AFF9}.AppStore|x64.Deploy.0 = AppStore|iPhone
		{B2DE1346-663E-434D-9AA3-DCF4FD29AFF9}.AppStore|x86.ActiveCfg = AppStore|iPhone
		{B2DE1346-663E-434D-9AA3-DCF4FD29AFF9}.AppStore|x86.Build.0 = AppStore|iPhone
		{B2DE1346-663E-434D-9AA3-DCF4FD29AFF9}.AppStore|x86.Deploy.0 = AppStore|iPhone
		{B2DE1346-663E-434D-9AA3-DCF4FD29AFF9}.Debug|Any CPU.ActiveCfg = Debug|iPhoneSimulator
		{B2DE1346-663E-434D-9AA3-DCF4FD29AFF9}.Debug|Any CPU.Build.0 = Debug|iPhoneSimulator
		{B2DE1346-663E-434D-9AA3-DCF4FD29AFF9}.Debug|Any CPU.Deploy.0 = Debug|iPhoneSimulator
		{B2DE1346-663E-434D-9AA3-DCF4FD29AFF9}.Debug|ARM.ActiveCfg = Debug|iPhone
		{B2DE1346-663E-434D-9AA3-DCF4FD29AFF9}.Debug|ARM.Build.0 = Debug|iPhone
		{B2DE1346-663E-434D-9AA3-DCF4FD29AFF9}.Debug|ARM.Deploy.0 = Debug|iPhone
		{B2DE1346-663E-434D-9AA3-DCF4FD29AFF9}.Debug|iPhone.ActiveCfg = Debug|iPhone
		{B2DE1346-663E-434D-9AA3-DCF4FD29AFF9}.Debug|iPhone.Build.0 = Debug|iPhone
		{B2DE1346-663E-434D-9AA3-DCF4FD29AFF9}.Debug|iPhone.Deploy.0 = Debug|iPhone
		{B2DE1346-663E-434D-9AA3-DCF4FD29AFF9}.Debug|iPhoneSimulator.ActiveCfg = Debug|iPhoneSimulator
		{B2DE1346-663E-434D-9AA3-DCF4FD29AFF9}.Debug|iPhoneSimulator.Build.0 = Debug|iPhoneSimulator
		{B2DE1346-663E-434D-9AA3-DCF4FD29AFF9}.Debug|iPhoneSimulator.Deploy.0 = Debug|iPhoneSimulator
		{B2DE1346-663E-434D-9AA3-DCF4FD29AFF9}.Debug|x64.ActiveCfg = Debug|iPhone
		{B2DE1346-663E-434D-9AA3-DCF4FD29AFF9}.Debug|x64.Build.0 = Debug|iPhone
		{B2DE1346-663E-434D-9AA3-DCF4FD29AFF9}.Debug|x64.Deploy.0 = Debug|iPhone
		{B2DE1346-663E-434D-9AA3-DCF4FD29AFF9}.Debug|x86.ActiveCfg = Debug|iPhone
		{B2DE1346-663E-434D-9AA3-DCF4FD29AFF9}.Debug|x86.Build.0 = Debug|iPhone
		{B2DE1346-663E-434D-9AA3-DCF4FD29AFF9}.Debug|x86.Deploy.0 = Debug|iPhone
		{B2DE1346-663E-434D-9AA3-DCF4FD29AFF9}.Release|Any CPU.ActiveCfg = Release|iPhone
		{B2DE1346-663E-434D-9AA3-DCF4FD29AFF9}.Release|Any CPU.Build.0 = Release|iPhone
		{B2DE1346-663E-434D-9AA3-DCF4FD29AFF9}.Release|Any CPU.Deploy.0 = Release|iPhone
		{B2DE1346-663E-434D-9AA3-DCF4FD29AFF9}.Release|ARM.ActiveCfg = Release|iPhone
		{B2DE1346-663E-434D-9AA3-DCF4FD29AFF9}.Release|ARM.Build.0 = Release|iPhone
		{B2DE1346-663E-434D-9AA3-DCF4FD29AFF9}.Release|ARM.Deploy.0 = Release|iPhone
		{B2DE1346-663E-434D-9AA3-DCF4FD29AFF9}.Release|iPhone.ActiveCfg = Release|iPhone
		{B2DE1346-663E-434D-9AA3-DCF4FD29AFF9}.Release|iPhone.Build.0 = Release|iPhone
		{B2DE1346-663E-434D-9AA3-DCF4FD29AFF9}.Release|iPhone.Deploy.0 = Release|iPhone
		{B2DE1346-663E-434D-9AA3-DCF4FD29AFF9}.Release|iPhoneSimulator.ActiveCfg = Release|iPhoneSimulator
		{B2DE1346-663E-434D-9AA3-DCF4FD29AFF9}.Release|iPhoneSimulator.Build.0 = Release|iPhoneSimulator
		{B2DE1346-663E-434D-9AA3-DCF4FD29AFF9}.Release|iPhoneSimulator.Deploy.0 = Release|iPhoneSimulator
		{B2DE1346-663E-434D-9AA3-DCF4FD29AFF9}.Release|x64.ActiveCfg = Release|iPhone
		{B2DE1346-663E-434D-9AA3-DCF4FD29AFF9}.Release|x64.Build.0 = Release|iPhone
		{B2DE1346-663E-434D-9AA3-DCF4FD29AFF9}.Release|x64.Deploy.0 = Release|iPhone
		{B2DE1346-663E-434D-9AA3-DCF4FD29AFF9}.Release|x86.ActiveCfg = Release|iPhone
		{B2DE1346-663E-434D-9AA3-DCF4FD29AFF9}.Release|x86.Build.0 = Release|iPhone
		{B2DE1346-663E-434D-9AA3-DCF4FD29AFF9}.Release|x86.Deploy.0 = Release|iPhone
		{3EE6A259-F7DF-41B3-8B12-B46B45B7EB51}.Ad-Hoc|Any CPU.ActiveCfg = Release|x86
		{3EE6A259-F7DF-41B3-8B12-B46B45B7EB51}.Ad-Hoc|Any CPU.Build.0 = Release|x86
		{3EE6A259-F7DF-41B3-8B12-B46B45B7EB51}.Ad-Hoc|Any CPU.Deploy.0 = Release|x86
		{3EE6A259-F7DF-41B3-8B12-B46B45B7EB51}.Ad-Hoc|ARM.ActiveCfg = Release|ARM
		{3EE6A259-F7DF-41B3-8B12-B46B45B7EB51}.Ad-Hoc|ARM.Build.0 = Release|ARM
		{3EE6A259-F7DF-41B3-8B12-B46B45B7EB51}.Ad-Hoc|ARM.Deploy.0 = Release|ARM
		{3EE6A259-F7DF-41B3-8B12-B46B45B7EB51}.Ad-Hoc|iPhone.ActiveCfg = Release|x86
		{3EE6A259-F7DF-41B3-8B12-B46B45B7EB51}.Ad-Hoc|iPhone.Build.0 = Release|x86
		{3EE6A259-F7DF-41B3-8B12-B46B45B7EB51}.Ad-Hoc|iPhone.Deploy.0 = Release|x86
		{3EE6A259-F7DF-41B3-8B12-B46B45B7EB51}.Ad-Hoc|iPhoneSimulator.ActiveCfg = Release|x86
		{3EE6A259-F7DF-41B3-8B12-B46B45B7EB51}.Ad-Hoc|iPhoneSimulator.Build.0 = Release|x86
		{3EE6A259-F7DF-41B3-8B12-B46B45B7EB51}.Ad-Hoc|iPhoneSimulator.Deploy.0 = Release|x86
		{3EE6A259-F7DF-41B3-8B12-B46B45B7EB51}.Ad-Hoc|x64.ActiveCfg = Release|x64
		{3EE6A259-F7DF-41B3-8B12-B46B45B7EB51}.Ad-Hoc|x64.Build.0 = Release|x64
		{3EE6A259-F7DF-41B3-8B12-B46B45B7EB51}.Ad-Hoc|x64.Deploy.0 = Release|x64
		{3EE6A259-F7DF-41B3-8B12-B46B45B7EB51}.Ad-Hoc|x86.ActiveCfg = Release|x86
		{3EE6A259-F7DF-41B3-8B12-B46B45B7EB51}.Ad-Hoc|x86.Build.0 = Release|x86
		{3EE6A259-F7DF-41B3-8B12-B46B45B7EB51}.Ad-Hoc|x86.Deploy.0 = Release|x86
		{3EE6A259-F7DF-41B3-8B12-B46B45B7EB51}.AppStore|Any CPU.ActiveCfg = Release|x86
		{3EE6A259-F7DF-41B3-8B12-B46B45B7EB51}.AppStore|Any CPU.Build.0 = Release|x86
		{3EE6A259-F7DF-41B3-8B12-B46B45B7EB51}.AppStore|Any CPU.Deploy.0 = Release|x86
		{3EE6A259-F7DF-41B3-8B12-B46B45B7EB51}.AppStore|ARM.ActiveCfg = Release|ARM
		{3EE6A259-F7DF-41B3-8B12-B46B45B7EB51}.AppStore|ARM.Build.0 = Release|ARM
		{3EE6A259-F7DF-41B3-8B12-B46B45B7EB51}.AppStore|ARM.Deploy.0 = Release|ARM
		{3EE6A259-F7DF-41B3-8B12-B46B45B7EB51}.AppStore|iPhone.ActiveCfg = Release|x86
		{3EE6A259-F7DF-41B3-8B12-B46B45B7EB51}.AppStore|iPhone.Build.0 = Release|x86
		{3EE6A259-F7DF-41B3-8B12-B46B45B7EB51}.AppStore|iPhone.Deploy.0 = Release|x86
		{3EE6A259-F7DF-41B3-8B12-B46B45B7EB51}.AppStore|iPhoneSimulator.ActiveCfg = Release|x86
		{3EE6A259-F7DF-41B3-8B12-B46B45B7EB51}.AppStore|iPhoneSimulator.Build.0 = Release|x86
		{3EE6A259-F7DF-41B3-8B12-B46B45B7EB51}.AppStore|iPhoneSimulator.Deploy.0 = Release|x86
		{3EE6A259-F7DF-41B3-8B12-B46B45B7EB51}.AppStore|x64.ActiveCfg = Release|x64
		{3EE6A259-F7DF-41B3-8B12-B46B45B7EB51}.AppStore|x64.Build.0 = Release|x64
		{3EE6A259-F7DF-41B3-8B12-B46B45B7EB51}.AppStore|x64.Deploy.0 = Release|x64
		{3EE6A259-F7DF-41B3-8B12-B46B45B7EB51}.AppStore|x86.ActiveCfg = Release|x86
		{3EE6A259-F7DF-41B3-8B12-B46B45B7EB51}.AppStore|x86.Build.0 = Release|x86
		{3EE6A259-F7DF-41B3-8B12-B46B45B7EB51}.AppStore|x86.Deploy.0 = Release|x86
		{3EE6A259-F7DF-41B3-8B12-B46B45B7EB51}.Debug|Any CPU.ActiveCfg = Debug|x86
		{3EE6A259-F7DF-41B3-8B12-B46B45B7EB51}.Debug|Any CPU.Build.0 = Debug|x86
		{3EE6A259-F7DF-41B3-8B12-B46B45B7EB51}.Debug|Any CPU.Deploy.0 = Debug|x86
		{3EE6A259-F7DF-41B3-8B12-B46B45B7EB51}.Debug|ARM.ActiveCfg = Debug|ARM
		{3EE6A259-F7DF-41B3-8B12-B46B45B7EB51}.Debug|ARM.Build.0 = Debug|ARM
		{3EE6A259-F7DF-41B3-8B12-B46B45B7EB51}.Debug|ARM.Deploy.0 = Debug|ARM
		{3EE6A259-F7DF-41B3-8B12-B46B45B7EB51}.Debug|iPhone.ActiveCfg = Debug|x86
		{3EE6A259-F7DF-41B3-8B12-B46B45B7EB51}.Debug|iPhone.Build.0 = Debug|x86
		{3EE6A259-F7DF-41B3-8B12-B46B45B7EB51}.Debug|iPhone.Deploy.0 = Debug|x86
		{3EE6A259-F7DF-41B3-8B12-B46B45B7EB51}.Debug|iPhoneSimulator.ActiveCfg = Debug|x86
		{3EE6A259-F7DF-41B3-8B12-B46B45B7EB51}.Debug|iPhoneSimulator.Build.0 = Debug|x86
		{3EE6A259-F7DF-41B3-8B12-B46B45B7EB51}.Debug|iPhoneSimulator.Deploy.0 = Debug|x86
		{3EE6A259-F7DF-41B3-8B12-B46B45B7EB51}.Debug|x64.ActiveCfg = Debug|x64
		{3EE6A259-F7DF-41B3-8B12-B46B45B7EB51}.Debug|x64.Build.0 = Debug|x64
		{3EE6A259-F7DF-41B3-8B12-B46B45B7EB51}.Debug|x64.Deploy.0 = Debug|x64
		{3EE6A259-F7DF-41B3-8B12-B46B45B7EB51}.Debug|x86.ActiveCfg = Debug|x86
		{3EE6A259-F7DF-41B3-8B12-B46B45B7EB51}.Debug|x86.Build.0 = Debug|x86
		{3EE6A259-F7DF-41B3-8B12-B46B45B7EB51}.Debug|x86.Deploy.0 = Debug|x86
		{3EE6A259-F7DF-41B3-8B12-B46B45B7EB51}.Release|Any CPU.ActiveCfg = Release|x86
		{3EE6A259-F7DF-41B3-8B12-B46B45B7EB51}.Release|Any CPU.Build.0 = Release|x86
		{3EE6A259-F7DF-41B3-8B12-B46B45B7EB51}.Release|Any CPU.Deploy.0 = Release|x86
		{3EE6A259-F7DF-41B3-8B12-B46B45B7EB51}.Release|ARM.ActiveCfg = Release|ARM
		{3EE6A259-F7DF-41B3-8B12-B46B45B7EB51}.Release|ARM.Build.0 = Release|ARM
		{3EE6A259-F7DF-41B3-8B12-B46B45B7EB51}.Release|ARM.Deploy.0 = Release|ARM
		{3EE6A259-F7DF-41B3-8B12-B46B45B7EB51}.Release|iPhone.ActiveCfg = Release|x86
		{3EE6A259-F7DF-41B3-8B12-B46B45B7EB51}.Release|iPhone.Build.0 = Release|x86
		{3EE6A259-F7DF-41B3-8B12-B46B45B7EB51}.Release|iPhone.Deploy.0 = Release|x86
		{3EE6A259-F7DF-41B3-8B12-B46B45B7EB51}.Release|iPhoneSimulator.ActiveCfg = Release|x86
		{3EE6A259-F7DF-41B3-8B12-B46B45B7EB51}.Release|iPhoneSimulator.Build.0 = Release|x86
		{3EE6A259-F7DF-41B3-8B12-B46B45B7EB51}.Release|iPhoneSimulator.Deploy.0 = Release|x86
		{3EE6A259-F7DF-41B3-8B12-B46B45B7EB51}.Release|x64.ActiveCfg = Release|x64
		{3EE6A259-F7DF-41B3-8B12-B46B45B7EB51}.Release|x64.Build.0 = Release|x64
		{3EE6A259-F7DF-41B3-8B12-B46B45B7EB51}.Release|x64.Deploy.0 = Release|x64
		{3EE6A259-F7DF-41B3-8B12-B46B45B7EB51}.Release|x86.ActiveCfg = Release|x86
		{3EE6A259-F7DF-41B3-8B12-B46B45B7EB51}.Release|x86.Build.0 = Release|x86
		{3EE6A259-F7DF-41B3-8B12-B46B45B7EB51}.Release|x86.Deploy.0 = Release|x86
	EndGlobalSection
	GlobalSection(SolutionProperties) = preSolution
		HideSolutionNode = FALSE
	EndGlobalSection
	GlobalSection(ExtensibilityGlobals) = postSolution
		SolutionGuid = {976FE35A-6AFF-47D6-BAFB-BEAE7A9FFB67}
	EndGlobalSection
EndGlobal
